{
    "_readme": [
        "This file locks the dependencies of your project to a known state",
        "Read more about it at https://getcomposer.org/doc/01-basic-usage.md#composer-lock-the-lock-file",
        "This file is @generated automatically"
    ],
    "hash": "6e41b8d678b143c8151366082dc4f7e6",
    "content-hash": "57548f1d393e65f238aa9ab9d309f5a9",
    "packages": [
        {
            "name": "facebook/webdriver",
            "version": "1.3.0",
            "source": {
                "type": "git",
                "url": "https://github.com/facebook/php-webdriver.git",
                "reference": "77300c4ab2025d4316635f592ec849ca7323bd8c"
            },
            "dist": {
                "type": "zip",
                "url": "https://api.github.com/repos/facebook/php-webdriver/zipball/77300c4ab2025d4316635f592ec849ca7323bd8c",
                "reference": "77300c4ab2025d4316635f592ec849ca7323bd8c",
                "shasum": ""
            },
            "require": {
                "ext-curl": "*",
                "php": "^5.5 || ~7.0",
                "symfony/process": "^2.8 || ^3.1"
            },
            "require-dev": {
                "friendsofphp/php-cs-fixer": "^1.11",
                "php-mock/php-mock-phpunit": "^1.1",
                "phpunit/phpunit": "4.6.* || ~5.0",
                "satooshi/php-coveralls": "^1.0",
                "squizlabs/php_codesniffer": "^2.6"
            },
            "suggest": {
                "phpdocumentor/phpdocumentor": "2.*"
            },
            "type": "library",
            "autoload": {
                "psr-4": {
                    "Facebook\\WebDriver\\": "lib/"
                }
            },
            "notification-url": "https://packagist.org/downloads/",
            "license": [
                "Apache-2.0"
            ],
            "description": "A PHP client for WebDriver",
            "homepage": "https://github.com/facebook/php-webdriver",
            "keywords": [
                "facebook",
                "php",
                "selenium",
                "webdriver"
            ],
            "time": "2017-01-13 15:48:08"
        },
        {
            "name": "symfony/process",
            "version": "v3.2.4",
            "source": {
                "type": "git",
                "url": "https://github.com/symfony/process.git",
                "reference": "0ab87c1e7570b3534a6e51eb4ca8e9f6d7327856"
            },
            "dist": {
                "type": "zip",
                "url": "https://api.github.com/repos/symfony/process/zipball/0ab87c1e7570b3534a6e51eb4ca8e9f6d7327856",
                "reference": "0ab87c1e7570b3534a6e51eb4ca8e9f6d7327856",
                "shasum": ""
            },
            "require": {
                "php": ">=5.5.9"
            },
            "type": "library",
            "extra": {
                "branch-alias": {
                    "dev-master": "3.2-dev"
                }
            },
            "autoload": {
                "psr-4": {
                    "Symfony\\Component\\Process\\": ""
                },
                "exclude-from-classmap": [
                    "/Tests/"
                ]
            },
            "notification-url": "https://packagist.org/downloads/",
            "license": [
                "MIT"
            ],
            "authors": [
                {
                    "name": "Fabien Potencier",
                    "email": "fabien@symfony.com"
                },
                {
                    "name": "Symfony Community",
                    "homepage": "https://symfony.com/contributors"
                }
            ],
            "description": "Symfony Process Component",
            "homepage": "https://symfony.com",
            "time": "2017-02-16 14:07:22"
        }
    ],
    "packages-dev": [],
    "aliases": [],
    "minimum-stability": "stable",
    "stability-flags": [],
    "prefer-stable": false,
    "prefer-lowest": false,
    "platform": [],
    "platform-dev": []
}
